
Microsoft Visual Studio Solution File, Format Version 12.00
# Visual Studio Version 17
VisualStudioVersion = 17.2.32616.157
MinimumVisualStudioVersion = 10.0.40219.1
Project("{9A19103F-16F7-4668-BE54-9A1E7A4F7556}") = "ProjetoAula03", "ProjetoAula03\ProjetoAula03.csproj", "{D28637D8-7AC1-4C59-BA4D-27D621783C0A}"
EndProject
Project("{2150E333-8FDC-42A3-9474-1A3956D46DE8}") = "Solution Items", "Solution Items", "{0B6862E0-AFCA-4F73-97A6-02321CE0EE8F}"
	ProjectSection(SolutionItems) = preProject
		.editorconfig = .editorconfig
	EndProjectSection
EndProject
Global
	GlobalSection(SolutionConfigurationPlatforms) = preSolution
		Debug|Any CPU = Debug|Any CPU
		Release|Any CPU = Release|Any CPU
	EndGlobalSection
	GlobalSection(ProjectConfigurationPlatforms) = postSolution
		{D28637D8-7AC1-4C59-BA4D-27D621783C0A}.Debug|Any CPU.ActiveCfg = Debug|Any CPU
		{D28637D8-7AC1-4C59-BA4D-27D621783C0A}.Debug|Any CPU.Build.0 = Debug|Any CPU
		{D28637D8-7AC1-4C59-BA4D-27D621783C0A}.Release|Any CPU.ActiveCfg = Release|Any CPU
		{D28637D8-7AC1-4C59-BA4D-27D621783C0A}.Release|Any CPU.Build.0 = Release|Any CPU
	EndGlobalSection
	GlobalSection(SolutionProperties) = preSolution
		HideSolutionNode = FALSE
	EndGlobalSection
	GlobalSection(ExtensibilityGlobals) = postSolution
		SolutionGuid = {5A3A47DC-0173-4FE5-A8E2-C0A31F71C491}
	EndGlobalSection
EndGlobal
